
Microsoft Visual Studio Solution File, Format Version 12.00
# Visual Studio Version 17
VisualStudioVersion = 17.1.32210.238
MinimumVisualStudioVersion = 10.0.40219.1
Project("{FAE04EC0-301F-11D3-BF4B-00C04F79EFBC}") = "TicTacToe", "TicTacToe\TicTacToe.csproj", "{CBFE2E61-713B-4F17-9C7F-3EBA2A53767A}"
EndProject
Project("{FAE04EC0-301F-11D3-BF4B-00C04F79EFBC}") = "TicTacToe.Tests", "TicTacToe.Tests\TicTacToe.Tests.csproj", "{A980E8BA-43B0-43A7-858B-7D55EC58213E}"
EndProject
Global
	GlobalSection(SolutionConfigurationPlatforms) = preSolution
		Debug|Any CPU = Debug|Any CPU
		Release|Any CPU = Release|Any CPU
	EndGlobalSection
	GlobalSection(ProjectConfigurationPlatforms) = postSolution
		{CBFE2E61-713B-4F17-9C7F-3EBA2A53767A}.Debug|Any CPU.ActiveCfg = Debug|Any CPU
		{CBFE2E61-713B-4F17-9C7F-3EBA2A53767A}.Debug|Any CPU.Build.0 = Debug|Any CPU
		{CBFE2E61-713B-4F17-9C7F-3EBA2A53767A}.Release|Any CPU.ActiveCfg = Release|Any CPU
		{CBFE2E61-713B-4F17-9C7F-3EBA2A53767A}.Release|Any CPU.Build.0 = Release|Any CPU
		{A980E8BA-43B0-43A7-858B-7D55EC58213E}.Debug|Any CPU.ActiveCfg = Debug|Any CPU
		{A980E8BA-43B0-43A7-858B-7D55EC58213E}.Debug|Any CPU.Build.0 = Debug|Any CPU
		{A980E8BA-43B0-43A7-858B-7D55EC58213E}.Release|Any CPU.ActiveCfg = Release|Any CPU
		{A980E8BA-43B0-43A7-858B-7D55EC58213E}.Release|Any CPU.Build.0 = Release|Any CPU
	EndGlobalSection
	GlobalSection(SolutionProperties) = preSolution
		HideSolutionNode = FALSE
	EndGlobalSection
	GlobalSection(ExtensibilityGlobals) = postSolution
		SolutionGuid = {7B494F8E-F5E9-4EF8-94DA-D366E21FAB26}
	EndGlobalSection
EndGlobal
