
Microsoft Visual Studio Solution File, Format Version 12.00
# Visual Studio Version 17
VisualStudioVersion = 17.1.32210.238
MinimumVisualStudioVersion = 10.0.40219.1
Project("{FAE04EC0-301F-11D3-BF4B-00C04F79EFBC}") = "FizzBuzzGame", "FizzBuzzGame\FizzBuzzGame.csproj", "{2D3A99FF-C1C4-4E71-AC47-09F964D0FCB2}"
EndProject
Project("{FAE04EC0-301F-11D3-BF4B-00C04F79EFBC}") = "FizzBuzzGameTests", "FizzBuzzGameTests\FizzBuzzGameTests.csproj", "{0F54928E-534A-4D45-8E3A-C9E1D9C6C1DC}"
EndProject
Global
	GlobalSection(SolutionConfigurationPlatforms) = preSolution
		Debug|Any CPU = Debug|Any CPU
		Release|Any CPU = Release|Any CPU
	EndGlobalSection
	GlobalSection(ProjectConfigurationPlatforms) = postSolution
		{2D3A99FF-C1C4-4E71-AC47-09F964D0FCB2}.Debug|Any CPU.ActiveCfg = Debug|Any CPU
		{2D3A99FF-C1C4-4E71-AC47-09F964D0FCB2}.Debug|Any CPU.Build.0 = Debug|Any CPU
		{2D3A99FF-C1C4-4E71-AC47-09F964D0FCB2}.Release|Any CPU.ActiveCfg = Release|Any CPU
		{2D3A99FF-C1C4-4E71-AC47-09F964D0FCB2}.Release|Any CPU.Build.0 = Release|Any CPU
		{0F54928E-534A-4D45-8E3A-C9E1D9C6C1DC}.Debug|Any CPU.ActiveCfg = Debug|Any CPU
		{0F54928E-534A-4D45-8E3A-C9E1D9C6C1DC}.Debug|Any CPU.Build.0 = Debug|Any CPU
		{0F54928E-534A-4D45-8E3A-C9E1D9C6C1DC}.Release|Any CPU.ActiveCfg = Release|Any CPU
		{0F54928E-534A-4D45-8E3A-C9E1D9C6C1DC}.Release|Any CPU.Build.0 = Release|Any CPU
	EndGlobalSection
	GlobalSection(SolutionProperties) = preSolution
		HideSolutionNode = FALSE
	EndGlobalSection
	GlobalSection(ExtensibilityGlobals) = postSolution
		SolutionGuid = {3CE08D0A-7360-4CE2-A616-0F3BE8A36AAF}
	EndGlobalSection
EndGlobal
